# THIS IS AN AUTOGENERATED FILE. DO NOT EDIT THIS FILE DIRECTLY.
# yarn lockfile v1


"@glennsl/bs-json@2.0.0":
  version "2.0.0"
  resolved "https://registry.yarnpkg.com/@glennsl/bs-json/-/bs-json-2.0.0.tgz#e621aac1e94d49bc12bf493b67c01c39e61a6415"

bs-platform@3.1.5:
  version "3.1.5"
  resolved "https://registry.yarnpkg.com/bs-platform/-/bs-platform-3.1.5.tgz#fb34ee4702bc9163848d5537096c4f31ebaeed40"

minimist.re@^0.0.5:
  version "0.0.5"
  resolved "https://registry.yarnpkg.com/minimist.re/-/minimist.re-0.0.5.tgz#2702c5bcac46564257ca0b353542e403f3bca922"
